# THIS IS AN AUTOGENERATED FILE. DO NOT EDIT THIS FILE DIRECTLY.
# yarn lockfile v1


howler@^2.2.4:
  version "2.2.4"
  resolved "https://registry.yarnpkg.com/howler/-/howler-2.2.4.tgz#bd3df4a4f68a0118a51e4bd84a2bfc2e93e6e5a1"
  integrity sha512-iARIBPgcQrwtEr+tALF+rapJ8qSc+Set2GJQl7xT1MQzWaVkFebdJhR3alVlSiUf5U7nAANKuj3aWpwerocD5w==
